hash: 801d635255c0db1670619b0a8170c047d3e106a4d512d6c9ed06e9653299ea15
updated: 2018-11-23T20:30:04.529308+08:00
imports:
- name: github.com/bitly/go-simplejson
  version: aabad6e819789e569bd6aabf444c935aa9ba1e44
- name: github.com/codahale/hdrhistogram
  version: 3a0bb77429bd3a61596f5e8a3172445844342120
- name: github.com/go-sql-driver/mysql
  version: 72cd26f257d44c1114970e19afddcd812016007e
- name: github.com/jinzhu/inflection
  version: 04140366298a54a039076d798123ffa108fff46c
- name: github.com/kfchen81/gorm
  version: 6ed508ec6a4ecb3531899a69cbc746ccf65a4166
  subpackages:
  - dialects/mysql
- name: github.com/opentracing/opentracing-go
  version: 1949ddbfd147afd4d964a9f00b24eb291e0e7c38
  subpackages:
  - ext
  - log
- name: github.com/pkg/errors
  version: 645ef00459ed84a119197bfb8d8205042c6df63d
- name: github.com/uber/jaeger-client-go
  version: 1a782e2da844727691fef1757c72eb190c2909f0
  subpackages:
  - config
  - internal/baggage
  - internal/baggage/remote
  - internal/spanlog
  - internal/throttler
  - internal/throttler/remote
  - log
  - rpcmetrics
  - thrift
  - thrift-gen/agent
  - thrift-gen/baggage
  - thrift-gen/jaeger
  - thrift-gen/sampling
  - thrift-gen/zipkincore
  - transport
  - utils
- name: github.com/uber/jaeger-lib
  version: ed3a127ec5fef7ae9ea95b01b542c47fbd999ce5
  subpackages:
  - metrics
- name: go.uber.org/atomic
  version: 1ea20fb1cbb1cc08cbd0d913a96dead89aa18289
- name: go.uber.org/multierr
  version: 3c4937480c32f4c13a875a1829af76c98ca3d40a
- name: go.uber.org/zap
  version: ff33455a0e382e8a81d14dd7c922020b6b5e7982
  subpackages:
  - buffer
  - internal/bufferpool
  - internal/color
  - internal/exit
  - zapcore
- name: golang.org/x/net
  version: 88d92db4c548972d942ac2a3531a8a9a34c82ca6
  subpackages:
  - context
- name: google.golang.org/appengine
  version: 4a4468ece617fc8205e99368fa2200e9d1fad421
  subpackages:
  - cloudsql
testImports: []
